
Microsoft Visual Studio Solution File, Format Version 12.00
# Visual Studio Version 17
VisualStudioVersion = 17.6.33815.320
MinimumVisualStudioVersion = 10.0.40219.1
Project("{8BC9CEB8-8B4A-11D0-8D11-00A0C91BC942}") = "LW4_GeometricShapes", "GeometricShapes\GeometricShapes.vcxproj", "{D1B32281-A81D-45FF-8284-EBAB4D874D87}"
EndProject
Project("{8BC9CEB8-8B4A-11D0-8D11-00A0C91BC942}") = "LW4_GeometricShapes_TEST", "GeometricShapes_TEST\GeometricShapes_TEST.vcxproj", "{6397DEE6-6F00-4C8E-A144-A0D9EFBDB428}"
EndProject
Project("{8BC9CEB8-8B4A-11D0-8D11-00A0C91BC942}") = "LW5_RationalNumbers", "RationalNumbers\RationalNumbers.vcxproj", "{ABB461E4-56E1-4356-A49C-AAD88DA916AD}"
EndProject
Project("{8BC9CEB8-8B4A-11D0-8D11-00A0C91BC942}") = "LW5_RationalNumbers_TEST", "RationalNumbers_TEST\LW5_RationalNumbers_TEST.vcxproj", "{674988CD-BF70-49B9-8DB6-13E17A057DB1}"
EndProject
Project("{8BC9CEB8-8B4A-11D0-8D11-00A0C91BC942}") = "LW2_5_ParseURL", "LW2_5_ParseURL\LW2_5_ParseURL.vcxproj", "{67FD6219-A058-4672-86AC-B65F5FA7F8A8}"
EndProject
Project("{8BC9CEB8-8B4A-11D0-8D11-00A0C91BC942}") = "LW2_5_ParseURL_TEST", "LW2_5_ParseURL_TEST\LW2_5_ParseURL_TEST.vcxproj", "{68E6BE37-C6F9-4CC5-B997-D6085E6A3824}"
EndProject
Project("{8BC9CEB8-8B4A-11D0-8D11-00A0C91BC942}") = "LW3_2_Calc", "LW3_2_Calc\LW3_2_Calc.vcxproj", "{E5AC40BF-8227-4BE5-AA70-6244B42231B3}"
EndProject
Project("{8BC9CEB8-8B4A-11D0-8D11-00A0C91BC942}") = "LW3_2_Calc_TEST", "LW3_2_Calc_TEST\LW3_2_Calc_TEST.vcxproj", "{263738D9-9A65-494E-89BF-2E3427AD8574}"
EndProject
Project("{8BC9CEB8-8B4A-11D0-8D11-00A0C91BC942}") = "LW6_HTTP_URL", "LW6_HTTP_URL\LW6_HTTP_URL.vcxproj", "{FCB0924E-EDA2-4F83-998C-1B7CA9617C23}"
EndProject
Project("{8BC9CEB8-8B4A-11D0-8D11-00A0C91BC942}") = "LW6_HTTP_URL_TEST", "LW6_HTTP_URL_TEST\LW6_HTTP_URL_TEST.vcxproj", "{2B5FB097-82EE-44F9-BD41-B138A5BE728C}"
EndProject
Project("{8BC9CEB8-8B4A-11D0-8D11-00A0C91BC942}") = "LW4_DrawShapes_GDI", "LW4_DrawShapes_GDI\LW4_DrawShapes_GDI.vcxproj", "{E0033334-3802-4836-93C9-032CA02224AD}"
EndProject
Project("{8BC9CEB8-8B4A-11D0-8D11-00A0C91BC942}") = "LW5_ComplexNumbers", "LW5_ComplexNumbers\LW5_ComplexNumbers.vcxproj", "{24C5634C-2CFC-4F5E-AD02-0E15378FD010}"
EndProject
Project("{8BC9CEB8-8B4A-11D0-8D11-00A0C91BC942}") = "LW5_ComplexNumbers_TEST", "LW5_ComplexNumbers_TEST\LW5_ComplexNumbers_TEST.vcxproj", "{AEEDE077-EEF9-465A-A495-A452D7A6AC7A}"
EndProject
Project("{8BC9CEB8-8B4A-11D0-8D11-00A0C91BC942}") = "LW4_DrawShapes_GDI_TEST", "LW4_DrawShapes_GDI_TEST\LW4_DrawShapes_GDI_TEST.vcxproj", "{0741C462-1BF1-4663-AB3C-E2D4FF3CF847}"
EndProject
Project("{8BC9CEB8-8B4A-11D0-8D11-00A0C91BC942}") = "LW5_MyString", "LW5_MyString\LW5_MyString.vcxproj", "{EC88D426-77C6-473E-99C8-75FCC15064FE}"
EndProject
Project("{8BC9CEB8-8B4A-11D0-8D11-00A0C91BC942}") = "LW5_MyString_TEST", "LW5_MyString_TEST\LW5_MyString_TEST.vcxproj", "{983E7A93-061D-4160-9E69-00E195256923}"
EndProject
Global
	GlobalSection(SolutionConfigurationPlatforms) = preSolution
		Debug|ARM64 = Debug|ARM64
		Debug|x64 = Debug|x64
		Debug|x86 = Debug|x86
		Release|ARM64 = Release|ARM64
		Release|x64 = Release|x64
		Release|x86 = Release|x86
	EndGlobalSection
	GlobalSection(ProjectConfigurationPlatforms) = postSolution
		{D1B32281-A81D-45FF-8284-EBAB4D874D87}.Debug|ARM64.ActiveCfg = Debug|ARM64
		{D1B32281-A81D-45FF-8284-EBAB4D874D87}.Debug|ARM64.Build.0 = Debug|ARM64
		{D1B32281-A81D-45FF-8284-EBAB4D874D87}.Debug|x64.ActiveCfg = Debug|x64
		{D1B32281-A81D-45FF-8284-EBAB4D874D87}.Debug|x64.Build.0 = Debug|x64
		{D1B32281-A81D-45FF-8284-EBAB4D874D87}.Debug|x86.ActiveCfg = Debug|Win32
		{D1B32281-A81D-45FF-8284-EBAB4D874D87}.Debug|x86.Build.0 = Debug|Win32
		{D1B32281-A81D-45FF-8284-EBAB4D874D87}.Release|ARM64.ActiveCfg = Release|ARM64
		{D1B32281-A81D-45FF-8284-EBAB4D874D87}.Release|ARM64.Build.0 = Release|ARM64
		{D1B32281-A81D-45FF-8284-EBAB4D874D87}.Release|x64.ActiveCfg = Release|x64
		{D1B32281-A81D-45FF-8284-EBAB4D874D87}.Release|x64.Build.0 = Release|x64
		{D1B32281-A81D-45FF-8284-EBAB4D874D87}.Release|x86.ActiveCfg = Release|Win32
		{D1B32281-A81D-45FF-8284-EBAB4D874D87}.Release|x86.Build.0 = Release|Win32
		{6397DEE6-6F00-4C8E-A144-A0D9EFBDB428}.Debug|ARM64.ActiveCfg = Debug|x64
		{6397DEE6-6F00-4C8E-A144-A0D9EFBDB428}.Debug|ARM64.Build.0 = Debug|x64
		{6397DEE6-6F00-4C8E-A144-A0D9EFBDB428}.Debug|x64.ActiveCfg = Debug|x64
		{6397DEE6-6F00-4C8E-A144-A0D9EFBDB428}.Debug|x64.Build.0 = Debug|x64
		{6397DEE6-6F00-4C8E-A144-A0D9EFBDB428}.Debug|x86.ActiveCfg = Debug|Win32
		{6397DEE6-6F00-4C8E-A144-A0D9EFBDB428}.Debug|x86.Build.0 = Debug|Win32
		{6397DEE6-6F00-4C8E-A144-A0D9EFBDB428}.Release|ARM64.ActiveCfg = Release|x64
		{6397DEE6-6F00-4C8E-A144-A0D9EFBDB428}.Release|ARM64.Build.0 = Release|x64
		{6397DEE6-6F00-4C8E-A144-A0D9EFBDB428}.Release|x64.ActiveCfg = Release|x64
		{6397DEE6-6F00-4C8E-A144-A0D9EFBDB428}.Release|x64.Build.0 = Release|x64
		{6397DEE6-6F00-4C8E-A144-A0D9EFBDB428}.Release|x86.ActiveCfg = Release|Win32
		{6397DEE6-6F00-4C8E-A144-A0D9EFBDB428}.Release|x86.Build.0 = Release|Win32
		{ABB461E4-56E1-4356-A49C-AAD88DA916AD}.Debug|ARM64.ActiveCfg = Debug|x64
		{ABB461E4-56E1-4356-A49C-AAD88DA916AD}.Debug|ARM64.Build.0 = Debug|x64
		{ABB461E4-56E1-4356-A49C-AAD88DA916AD}.Debug|x64.ActiveCfg = Debug|x64
		{ABB461E4-56E1-4356-A49C-AAD88DA916AD}.Debug|x64.Build.0 = Debug|x64
		{ABB461E4-56E1-4356-A49C-AAD88DA916AD}.Debug|x86.ActiveCfg = Debug|Win32
		{ABB461E4-56E1-4356-A49C-AAD88DA916AD}.Debug|x86.Build.0 = Debug|Win32
		{ABB461E4-56E1-4356-A49C-AAD88DA916AD}.Release|ARM64.ActiveCfg = Release|x64
		{ABB461E4-56E1-4356-A49C-AAD88DA916AD}.Release|ARM64.Build.0 = Release|x64
		{ABB461E4-56E1-4356-A49C-AAD88DA916AD}.Release|x64.ActiveCfg = Release|x64
		{ABB461E4-56E1-4356-A49C-AAD88DA916AD}.Release|x64.Build.0 = Release|x64
		{ABB461E4-56E1-4356-A49C-AAD88DA916AD}.Release|x86.ActiveCfg = Release|Win32
		{ABB461E4-56E1-4356-A49C-AAD88DA916AD}.Release|x86.Build.0 = Release|Win32
		{674988CD-BF70-49B9-8DB6-13E17A057DB1}.Debug|ARM64.ActiveCfg = Debug|x64
		{674988CD-BF70-49B9-8DB6-13E17A057DB1}.Debug|ARM64.Build.0 = Debug|x64
		{674988CD-BF70-49B9-8DB6-13E17A057DB1}.Debug|x64.ActiveCfg = Debug|x64
		{674988CD-BF70-49B9-8DB6-13E17A057DB1}.Debug|x64.Build.0 = Debug|x64
		{674988CD-BF70-49B9-8DB6-13E17A057DB1}.Debug|x86.ActiveCfg = Debug|Win32
		{674988CD-BF70-49B9-8DB6-13E17A057DB1}.Debug|x86.Build.0 = Debug|Win32
		{674988CD-BF70-49B9-8DB6-13E17A057DB1}.Release|ARM64.ActiveCfg = Release|x64
		{674988CD-BF70-49B9-8DB6-13E17A057DB1}.Release|ARM64.Build.0 = Release|x64
		{674988CD-BF70-49B9-8DB6-13E17A057DB1}.Release|x64.ActiveCfg = Release|x64
		{674988CD-BF70-49B9-8DB6-13E17A057DB1}.Release|x64.Build.0 = Release|x64
		{674988CD-BF70-49B9-8DB6-13E17A057DB1}.Release|x86.ActiveCfg = Release|Win32
		{674988CD-BF70-49B9-8DB6-13E17A057DB1}.Release|x86.Build.0 = Release|Win32
		{67FD6219-A058-4672-86AC-B65F5FA7F8A8}.Debug|ARM64.ActiveCfg = Debug|x64
		{67FD6219-A058-4672-86AC-B65F5FA7F8A8}.Debug|ARM64.Build.0 = Debug|x64
		{67FD6219-A058-4672-86AC-B65F5FA7F8A8}.Debug|x64.ActiveCfg = Debug|x64
		{67FD6219-A058-4672-86AC-B65F5FA7F8A8}.Debug|x64.Build.0 = Debug|x64
		{67FD6219-A058-4672-86AC-B65F5FA7F8A8}.Debug|x86.ActiveCfg = Debug|Win32
		{67FD6219-A058-4672-86AC-B65F5FA7F8A8}.Debug|x86.Build.0 = Debug|Win32
		{67FD6219-A058-4672-86AC-B65F5FA7F8A8}.Release|ARM64.ActiveCfg = Release|x64
		{67FD6219-A058-4672-86AC-B65F5FA7F8A8}.Release|ARM64.Build.0 = Release|x64
		{67FD6219-A058-4672-86AC-B65F5FA7F8A8}.Release|x64.ActiveCfg = Release|x64
		{67FD6219-A058-4672-86AC-B65F5FA7F8A8}.Release|x64.Build.0 = Release|x64
		{67FD6219-A058-4672-86AC-B65F5FA7F8A8}.Release|x86.ActiveCfg = Release|Win32
		{67FD6219-A058-4672-86AC-B65F5FA7F8A8}.Release|x86.Build.0 = Release|Win32
		{68E6BE37-C6F9-4CC5-B997-D6085E6A3824}.Debug|ARM64.ActiveCfg = Debug|x64
		{68E6BE37-C6F9-4CC5-B997-D6085E6A3824}.Debug|ARM64.Build.0 = Debug|x64
		{68E6BE37-C6F9-4CC5-B997-D6085E6A3824}.Debug|x64.ActiveCfg = Debug|x64
		{68E6BE37-C6F9-4CC5-B997-D6085E6A3824}.Debug|x64.Build.0 = Debug|x64
		{68E6BE37-C6F9-4CC5-B997-D6085E6A3824}.Debug|x86.ActiveCfg = Debug|Win32
		{68E6BE37-C6F9-4CC5-B997-D6085E6A3824}.Debug|x86.Build.0 = Debug|Win32
		{68E6BE37-C6F9-4CC5-B997-D6085E6A3824}.Release|ARM64.ActiveCfg = Release|x64
		{68E6BE37-C6F9-4CC5-B997-D6085E6A3824}.Release|ARM64.Build.0 = Release|x64
		{68E6BE37-C6F9-4CC5-B997-D6085E6A3824}.Release|x64.ActiveCfg = Release|x64
		{68E6BE37-C6F9-4CC5-B997-D6085E6A3824}.Release|x64.Build.0 = Release|x64
		{68E6BE37-C6F9-4CC5-B997-D6085E6A3824}.Release|x86.ActiveCfg = Release|Win32
		{68E6BE37-C6F9-4CC5-B997-D6085E6A3824}.Release|x86.Build.0 = Release|Win32
		{E5AC40BF-8227-4BE5-AA70-6244B42231B3}.Debug|ARM64.ActiveCfg = Debug|ARM64
		{E5AC40BF-8227-4BE5-AA70-6244B42231B3}.Debug|ARM64.Build.0 = Debug|ARM64
		{E5AC40BF-8227-4BE5-AA70-6244B42231B3}.Debug|x64.ActiveCfg = Debug|x64
		{E5AC40BF-8227-4BE5-AA70-6244B42231B3}.Debug|x64.Build.0 = Debug|x64
		{E5AC40BF-8227-4BE5-AA70-6244B42231B3}.Debug|x86.ActiveCfg = Debug|Win32
		{E5AC40BF-8227-4BE5-AA70-6244B42231B3}.Debug|x86.Build.0 = Debug|Win32
		{E5AC40BF-8227-4BE5-AA70-6244B42231B3}.Release|ARM64.ActiveCfg = Release|ARM64
		{E5AC40BF-8227-4BE5-AA70-6244B42231B3}.Release|ARM64.Build.0 = Release|ARM64
		{E5AC40BF-8227-4BE5-AA70-6244B42231B3}.Release|x64.ActiveCfg = Release|x64
		{E5AC40BF-8227-4BE5-AA70-6244B42231B3}.Release|x64.Build.0 = Release|x64
		{E5AC40BF-8227-4BE5-AA70-6244B42231B3}.Release|x86.ActiveCfg = Release|Win32
		{E5AC40BF-8227-4BE5-AA70-6244B42231B3}.Release|x86.Build.0 = Release|Win32
		{263738D9-9A65-494E-89BF-2E3427AD8574}.Debug|ARM64.ActiveCfg = Debug|ARM64
		{263738D9-9A65-494E-89BF-2E3427AD8574}.Debug|ARM64.Build.0 = Debug|ARM64
		{263738D9-9A65-494E-89BF-2E3427AD8574}.Debug|x64.ActiveCfg = Debug|x64
		{263738D9-9A65-494E-89BF-2E3427AD8574}.Debug|x64.Build.0 = Debug|x64
		{263738D9-9A65-494E-89BF-2E3427AD8574}.Debug|x86.ActiveCfg = Debug|Win32
		{263738D9-9A65-494E-89BF-2E3427AD8574}.Debug|x86.Build.0 = Debug|Win32
		{263738D9-9A65-494E-89BF-2E3427AD8574}.Release|ARM64.ActiveCfg = Release|ARM64
		{263738D9-9A65-494E-89BF-2E3427AD8574}.Release|ARM64.Build.0 = Release|ARM64
		{263738D9-9A65-494E-89BF-2E3427AD8574}.Release|x64.ActiveCfg = Release|x64
		{263738D9-9A65-494E-89BF-2E3427AD8574}.Release|x64.Build.0 = Release|x64
		{263738D9-9A65-494E-89BF-2E3427AD8574}.Release|x86.ActiveCfg = Release|Win32
		{263738D9-9A65-494E-89BF-2E3427AD8574}.Release|x86.Build.0 = Release|Win32
		{FCB0924E-EDA2-4F83-998C-1B7CA9617C23}.Debug|ARM64.ActiveCfg = Debug|ARM64
		{FCB0924E-EDA2-4F83-998C-1B7CA9617C23}.Debug|ARM64.Build.0 = Debug|ARM64
		{FCB0924E-EDA2-4F83-998C-1B7CA9617C23}.Debug|x64.ActiveCfg = Debug|x64
		{FCB0924E-EDA2-4F83-998C-1B7CA9617C23}.Debug|x64.Build.0 = Debug|x64
		{FCB0924E-EDA2-4F83-998C-1B7CA9617C23}.Debug|x86.ActiveCfg = Debug|Win32
		{FCB0924E-EDA2-4F83-998C-1B7CA9617C23}.Debug|x86.Build.0 = Debug|Win32
		{FCB0924E-EDA2-4F83-998C-1B7CA9617C23}.Release|ARM64.ActiveCfg = Release|ARM64
		{FCB0924E-EDA2-4F83-998C-1B7CA9617C23}.Release|ARM64.Build.0 = Release|ARM64
		{FCB0924E-EDA2-4F83-998C-1B7CA9617C23}.Release|x64.ActiveCfg = Release|x64
		{FCB0924E-EDA2-4F83-998C-1B7CA9617C23}.Release|x64.Build.0 = Release|x64
		{FCB0924E-EDA2-4F83-998C-1B7CA9617C23}.Release|x86.ActiveCfg = Release|Win32
		{FCB0924E-EDA2-4F83-998C-1B7CA9617C23}.Release|x86.Build.0 = Release|Win32
		{2B5FB097-82EE-44F9-BD41-B138A5BE728C}.Debug|ARM64.ActiveCfg = Debug|x64
		{2B5FB097-82EE-44F9-BD41-B138A5BE728C}.Debug|ARM64.Build.0 = Debug|x64
		{2B5FB097-82EE-44F9-BD41-B138A5BE728C}.Debug|x64.ActiveCfg = Debug|x64
		{2B5FB097-82EE-44F9-BD41-B138A5BE728C}.Debug|x64.Build.0 = Debug|x64
		{2B5FB097-82EE-44F9-BD41-B138A5BE728C}.Debug|x86.ActiveCfg = Debug|Win32
		{2B5FB097-82EE-44F9-BD41-B138A5BE728C}.Debug|x86.Build.0 = Debug|Win32
		{2B5FB097-82EE-44F9-BD41-B138A5BE728C}.Release|ARM64.ActiveCfg = Release|x64
		{2B5FB097-82EE-44F9-BD41-B138A5BE728C}.Release|ARM64.Build.0 = Release|x64
		{2B5FB097-82EE-44F9-BD41-B138A5BE728C}.Release|x64.ActiveCfg = Release|x64
		{2B5FB097-82EE-44F9-BD41-B138A5BE728C}.Release|x64.Build.0 = Release|x64
		{2B5FB097-82EE-44F9-BD41-B138A5BE728C}.Release|x86.ActiveCfg = Release|Win32
		{2B5FB097-82EE-44F9-BD41-B138A5BE728C}.Release|x86.Build.0 = Release|Win32
		{E0033334-3802-4836-93C9-032CA02224AD}.Debug|ARM64.ActiveCfg = Debug|ARM64
		{E0033334-3802-4836-93C9-032CA02224AD}.Debug|ARM64.Build.0 = Debug|ARM64
		{E0033334-3802-4836-93C9-032CA02224AD}.Debug|x64.ActiveCfg = Debug|x64
		{E0033334-3802-4836-93C9-032CA02224AD}.Debug|x64.Build.0 = Debug|x64
		{E0033334-3802-4836-93C9-032CA02224AD}.Debug|x86.ActiveCfg = Debug|Win32
		{E0033334-3802-4836-93C9-032CA02224AD}.Debug|x86.Build.0 = Debug|Win32
		{E0033334-3802-4836-93C9-032CA02224AD}.Release|ARM64.ActiveCfg = Release|ARM64
		{E0033334-3802-4836-93C9-032CA02224AD}.Release|ARM64.Build.0 = Release|ARM64
		{E0033334-3802-4836-93C9-032CA02224AD}.Release|x64.ActiveCfg = Release|x64
		{E0033334-3802-4836-93C9-032CA02224AD}.Release|x64.Build.0 = Release|x64
		{E0033334-3802-4836-93C9-032CA02224AD}.Release|x86.ActiveCfg = Release|Win32
		{E0033334-3802-4836-93C9-032CA02224AD}.Release|x86.Build.0 = Release|Win32
		{24C5634C-2CFC-4F5E-AD02-0E15378FD010}.Debug|ARM64.ActiveCfg = Debug|ARM64
		{24C5634C-2CFC-4F5E-AD02-0E15378FD010}.Debug|ARM64.Build.0 = Debug|ARM64
		{24C5634C-2CFC-4F5E-AD02-0E15378FD010}.Debug|x64.ActiveCfg = Debug|x64
		{24C5634C-2CFC-4F5E-AD02-0E15378FD010}.Debug|x64.Build.0 = Debug|x64
		{24C5634C-2CFC-4F5E-AD02-0E15378FD010}.Debug|x86.ActiveCfg = Debug|Win32
		{24C5634C-2CFC-4F5E-AD02-0E15378FD010}.Debug|x86.Build.0 = Debug|Win32
		{24C5634C-2CFC-4F5E-AD02-0E15378FD010}.Release|ARM64.ActiveCfg = Release|ARM64
		{24C5634C-2CFC-4F5E-AD02-0E15378FD010}.Release|ARM64.Build.0 = Release|ARM64
		{24C5634C-2CFC-4F5E-AD02-0E15378FD010}.Release|x64.ActiveCfg = Release|x64
		{24C5634C-2CFC-4F5E-AD02-0E15378FD010}.Release|x64.Build.0 = Release|x64
		{24C5634C-2CFC-4F5E-AD02-0E15378FD010}.Release|x86.ActiveCfg = Release|Win32
		{24C5634C-2CFC-4F5E-AD02-0E15378FD010}.Release|x86.Build.0 = Release|Win32
		{AEEDE077-EEF9-465A-A495-A452D7A6AC7A}.Debug|ARM64.ActiveCfg = Debug|ARM64
		{AEEDE077-EEF9-465A-A495-A452D7A6AC7A}.Debug|ARM64.Build.0 = Debug|ARM64
		{AEEDE077-EEF9-465A-A495-A452D7A6AC7A}.Debug|x64.ActiveCfg = Debug|x64
		{AEEDE077-EEF9-465A-A495-A452D7A6AC7A}.Debug|x64.Build.0 = Debug|x64
		{AEEDE077-EEF9-465A-A495-A452D7A6AC7A}.Debug|x86.ActiveCfg = Debug|Win32
		{AEEDE077-EEF9-465A-A495-A452D7A6AC7A}.Debug|x86.Build.0 = Debug|Win32
		{AEEDE077-EEF9-465A-A495-A452D7A6AC7A}.Release|ARM64.ActiveCfg = Release|ARM64
		{AEEDE077-EEF9-465A-A495-A452D7A6AC7A}.Release|ARM64.Build.0 = Release|ARM64
		{AEEDE077-EEF9-465A-A495-A452D7A6AC7A}.Release|x64.ActiveCfg = Release|x64
		{AEEDE077-EEF9-465A-A495-A452D7A6AC7A}.Release|x64.Build.0 = Release|x64
		{AEEDE077-EEF9-465A-A495-A452D7A6AC7A}.Release|x86.ActiveCfg = Release|Win32
		{AEEDE077-EEF9-465A-A495-A452D7A6AC7A}.Release|x86.Build.0 = Release|Win32
		{0741C462-1BF1-4663-AB3C-E2D4FF3CF847}.Debug|ARM64.ActiveCfg = Debug|ARM64
		{0741C462-1BF1-4663-AB3C-E2D4FF3CF847}.Debug|ARM64.Build.0 = Debug|ARM64
		{0741C462-1BF1-4663-AB3C-E2D4FF3CF847}.Debug|x64.ActiveCfg = Debug|x64
		{0741C462-1BF1-4663-AB3C-E2D4FF3CF847}.Debug|x64.Build.0 = Debug|x64
		{0741C462-1BF1-4663-AB3C-E2D4FF3CF847}.Debug|x86.ActiveCfg = Debug|Win32
		{0741C462-1BF1-4663-AB3C-E2D4FF3CF847}.Debug|x86.Build.0 = Debug|Win32
		{0741C462-1BF1-4663-AB3C-E2D4FF3CF847}.Release|ARM64.ActiveCfg = Release|ARM64
		{0741C462-1BF1-4663-AB3C-E2D4FF3CF847}.Release|ARM64.Build.0 = Release|ARM64
		{0741C462-1BF1-4663-AB3C-E2D4FF3CF847}.Release|x64.ActiveCfg = Release|x64
		{0741C462-1BF1-4663-AB3C-E2D4FF3CF847}.Release|x64.Build.0 = Release|x64
		{0741C462-1BF1-4663-AB3C-E2D4FF3CF847}.Release|x86.ActiveCfg = Release|Win32
		{0741C462-1BF1-4663-AB3C-E2D4FF3CF847}.Release|x86.Build.0 = Release|Win32
		{EC88D426-77C6-473E-99C8-75FCC15064FE}.Debug|ARM64.ActiveCfg = Debug|ARM64
		{EC88D426-77C6-473E-99C8-75FCC15064FE}.Debug|ARM64.Build.0 = Debug|ARM64
		{EC88D426-77C6-473E-99C8-75FCC15064FE}.Debug|x64.ActiveCfg = Debug|x64
		{EC88D426-77C6-473E-99C8-75FCC15064FE}.Debug|x64.Build.0 = Debug|x64
		{EC88D426-77C6-473E-99C8-75FCC15064FE}.Debug|x86.ActiveCfg = Debug|Win32
		{EC88D426-77C6-473E-99C8-75FCC15064FE}.Debug|x86.Build.0 = Debug|Win32
		{EC88D426-77C6-473E-99C8-75FCC15064FE}.Release|ARM64.ActiveCfg = Release|ARM64
		{EC88D426-77C6-473E-99C8-75FCC15064FE}.Release|ARM64.Build.0 = Release|ARM64
		{EC88D426-77C6-473E-99C8-75FCC15064FE}.Release|x64.ActiveCfg = Release|x64
		{EC88D426-77C6-473E-99C8-75FCC15064FE}.Release|x64.Build.0 = Release|x64
		{EC88D426-77C6-473E-99C8-75FCC15064FE}.Release|x86.ActiveCfg = Release|Win32
		{EC88D426-77C6-473E-99C8-75FCC15064FE}.Release|x86.Build.0 = Release|Win32
		{983E7A93-061D-4160-9E69-00E195256923}.Debug|ARM64.ActiveCfg = Debug|ARM64
		{983E7A93-061D-4160-9E69-00E195256923}.Debug|ARM64.Build.0 = Debug|ARM64
		{983E7A93-061D-4160-9E69-00E195256923}.Debug|x64.ActiveCfg = Debug|x64
		{983E7A93-061D-4160-9E69-00E195256923}.Debug|x64.Build.0 = Debug|x64
		{983E7A93-061D-4160-9E69-00E195256923}.Debug|x86.ActiveCfg = Debug|Win32
		{983E7A93-061D-4160-9E69-00E195256923}.Debug|x86.Build.0 = Debug|Win32
		{983E7A93-061D-4160-9E69-00E195256923}.Release|ARM64.ActiveCfg = Release|ARM64
		{983E7A93-061D-4160-9E69-00E195256923}.Release|ARM64.Build.0 = Release|ARM64
		{983E7A93-061D-4160-9E69-00E195256923}.Release|x64.ActiveCfg = Release|x64
		{983E7A93-061D-4160-9E69-00E195256923}.Release|x64.Build.0 = Release|x64
		{983E7A93-061D-4160-9E69-00E195256923}.Release|x86.ActiveCfg = Release|Win32
		{983E7A93-061D-4160-9E69-00E195256923}.Release|x86.Build.0 = Release|Win32
	EndGlobalSection
	GlobalSection(SolutionProperties) = preSolution
		HideSolutionNode = FALSE
	EndGlobalSection
	GlobalSection(ExtensibilityGlobals) = postSolution
		SolutionGuid = {F5A08CF2-08F2-4509-802B-29D44DBE53BD}
	EndGlobalSection
EndGlobal
